github.com/aurelienpierreeng/ansel-website v0.0.0-20221210133145-f72119aa7ba9 h1:YKr+j8Kl4GaPSlTiBxhPQ19eVCiuVO7sqCc5vBwKq0k=
github.com/aurelienpierreeng/ansel-website v0.0.0-20221210133145-f72119aa7ba9/go.mod h1:d8gL7Cu7NlZumeUR7hV2TTLzzYq9XEwSrROdKhm8RMI=
github.com/aurelienpierreeng/ansel-website/themes/ansel v0.0.0-20221210130606-dc7e15b6f7b0 h1:2rMq7/p7+pBcaNzdqCLs4gG4YHCzT98VFtufgwJabWA=
github.com/aurelienpierreeng/ansel-website/themes/ansel v0.0.0-20221210130606-dc7e15b6f7b0/go.mod h1:GT6SN9wAr8w3ur1glTgbtNmQBV3QmbKxT7rN8SPX8tE=
github.com/aurelienpierreeng/ansel-website/themes/ansel v0.0.0-20221210133145-f72119aa7ba9 h1:EIRkdkC0QNi/A0fog4AGg//8r3m8PkEHiF21mRK0AeM=
github.com/aurelienpierreeng/ansel-website/themes/ansel v0.0.0-20221210133145-f72119aa7ba9/go.mod h1:zFgVGHIApcRf+DGq/Osd9qJnc7BXgVXJjZ7xk56c4O0=
github.com/aurelienpierreeng/ansel-website/themes/ansel v0.0.0-20221210134804-cee0d0f35d62 h1:FOTbqhUuMqgQBWMyH7b834+jPkJ9lKzRAZCesBgbKgs=
github.com/aurelienpierreeng/ansel-website/themes/ansel v0.0.0-20221210134804-cee0d0f35d62/go.mod h1:zFgVGHIApcRf+DGq/Osd9qJnc7BXgVXJjZ7xk56c4O0=
